
Microsoft Visual Studio Solution File, Format Version 12.00
# Visual Studio Version 16
VisualStudioVersion = 16.0.32228.343
MinimumVisualStudioVersion = 10.0.40219.1
Project("{FAE04EC0-301F-11D3-BF4B-00C04F79EFBC}") = "PPAI_2023", "PPAI_2023\PPAI_2023.csproj", "{1E82C0DA-CE8D-4284-A801-3185E0E54947}"
EndProject
Global
	GlobalSection(SolutionConfigurationPlatforms) = preSolution
		Debug|Any CPU = Debug|Any CPU
		Release|Any CPU = Release|Any CPU
	EndGlobalSection
	GlobalSection(ProjectConfigurationPlatforms) = postSolution
		{1E82C0DA-CE8D-4284-A801-3185E0E54947}.Debug|Any CPU.ActiveCfg = Debug|Any CPU
		{1E82C0DA-CE8D-4284-A801-3185E0E54947}.Debug|Any CPU.Build.0 = Debug|Any CPU
		{1E82C0DA-CE8D-4284-A801-3185E0E54947}.Release|Any CPU.ActiveCfg = Release|Any CPU
		{1E82C0DA-CE8D-4284-A801-3185E0E54947}.Release|Any CPU.Build.0 = Release|Any CPU
	EndGlobalSection
	GlobalSection(SolutionProperties) = preSolution
		HideSolutionNode = FALSE
	EndGlobalSection
	GlobalSection(ExtensibilityGlobals) = postSolution
		SolutionGuid = {E03EE78F-8D82-4C03-B9B9-3823047DDD8B}
	EndGlobalSection
EndGlobal
